
Microsoft Visual Studio Solution File, Format Version 12.00
# Visual Studio 15
VisualStudioVersion = 15.0.28307.1231
MinimumVisualStudioVersion = 10.0.40219.1
Project("{FAE04EC0-301F-11D3-BF4B-00C04F79EFBC}") = "WSProductos", "WSProductos\WSProductos.csproj", "{0D0CF8A8-64C1-4E73-9CD4-58D5C9A5CCCF}"
EndProject
Global
	GlobalSection(SolutionConfigurationPlatforms) = preSolution
		Debug|Any CPU = Debug|Any CPU
		Release|Any CPU = Release|Any CPU
	EndGlobalSection
	GlobalSection(ProjectConfigurationPlatforms) = postSolution
		{0D0CF8A8-64C1-4E73-9CD4-58D5C9A5CCCF}.Debug|Any CPU.ActiveCfg = Debug|Any CPU
		{0D0CF8A8-64C1-4E73-9CD4-58D5C9A5CCCF}.Debug|Any CPU.Build.0 = Debug|Any CPU
		{0D0CF8A8-64C1-4E73-9CD4-58D5C9A5CCCF}.Release|Any CPU.ActiveCfg = Release|Any CPU
		{0D0CF8A8-64C1-4E73-9CD4-58D5C9A5CCCF}.Release|Any CPU.Build.0 = Release|Any CPU
	EndGlobalSection
	GlobalSection(SolutionProperties) = preSolution
		HideSolutionNode = FALSE
	EndGlobalSection
	GlobalSection(ExtensibilityGlobals) = postSolution
		SolutionGuid = {5D8A271B-B377-4EA6-9161-F018338CF099}
	EndGlobalSection
EndGlobal
